
Microsoft Visual Studio Solution File, Format Version 12.00
# Visual Studio Version 16
VisualStudioVersion = 16.0.29806.167
MinimumVisualStudioVersion = 10.0.40219.1
Project("{FAE04EC0-301F-11D3-BF4B-00C04F79EFBC}") = "Task 1", "Task 1\Task 1.csproj", "{83674AA8-4E61-4540-B53B-E7E7A0D7A7CA}"
EndProject
Project("{FAE04EC0-301F-11D3-BF4B-00C04F79EFBC}") = "Task 2", "Task 2\Task 2.csproj", "{5EAD4E57-9057-49AA-A821-DF062C7F966E}"
EndProject
Project("{FAE04EC0-301F-11D3-BF4B-00C04F79EFBC}") = "Task 3", "Task 3\Task 3.csproj", "{2B5DF10B-5DC2-4E79-B5EA-381A1B85DBC1}"
EndProject
Global
	GlobalSection(SolutionConfigurationPlatforms) = preSolution
		Debug|Any CPU = Debug|Any CPU
		Release|Any CPU = Release|Any CPU
	EndGlobalSection
	GlobalSection(ProjectConfigurationPlatforms) = postSolution
		{83674AA8-4E61-4540-B53B-E7E7A0D7A7CA}.Debug|Any CPU.ActiveCfg = Debug|Any CPU
		{83674AA8-4E61-4540-B53B-E7E7A0D7A7CA}.Debug|Any CPU.Build.0 = Debug|Any CPU
		{83674AA8-4E61-4540-B53B-E7E7A0D7A7CA}.Release|Any CPU.ActiveCfg = Release|Any CPU
		{83674AA8-4E61-4540-B53B-E7E7A0D7A7CA}.Release|Any CPU.Build.0 = Release|Any CPU
		{5EAD4E57-9057-49AA-A821-DF062C7F966E}.Debug|Any CPU.ActiveCfg = Debug|Any CPU
		{5EAD4E57-9057-49AA-A821-DF062C7F966E}.Debug|Any CPU.Build.0 = Debug|Any CPU
		{5EAD4E57-9057-49AA-A821-DF062C7F966E}.Release|Any CPU.ActiveCfg = Release|Any CPU
		{5EAD4E57-9057-49AA-A821-DF062C7F966E}.Release|Any CPU.Build.0 = Release|Any CPU
		{2B5DF10B-5DC2-4E79-B5EA-381A1B85DBC1}.Debug|Any CPU.ActiveCfg = Debug|Any CPU
		{2B5DF10B-5DC2-4E79-B5EA-381A1B85DBC1}.Debug|Any CPU.Build.0 = Debug|Any CPU
		{2B5DF10B-5DC2-4E79-B5EA-381A1B85DBC1}.Release|Any CPU.ActiveCfg = Release|Any CPU
		{2B5DF10B-5DC2-4E79-B5EA-381A1B85DBC1}.Release|Any CPU.Build.0 = Release|Any CPU
	EndGlobalSection
	GlobalSection(SolutionProperties) = preSolution
		HideSolutionNode = FALSE
	EndGlobalSection
	GlobalSection(ExtensibilityGlobals) = postSolution
		SolutionGuid = {34BF55AE-FAE1-4981-8E11-B48946DD52B2}
	EndGlobalSection
EndGlobal
