
Microsoft Visual Studio Solution File, Format Version 12.00
# Visual Studio Version 16
VisualStudioVersion = 16.0.29806.167
MinimumVisualStudioVersion = 10.0.40219.1
Project("{FAE04EC0-301F-11D3-BF4B-00C04F79EFBC}") = "Inheritance", "Inheritance\Inheritance.csproj", "{4EC44DBA-E695-4ED3-A7C1-2AFDAD21710E}"
EndProject
Project("{FAE04EC0-301F-11D3-BF4B-00C04F79EFBC}") = "VehicleClasses", "VehicleClasses\VehicleClasses.csproj", "{BA19C24E-B57B-4529-BC5C-8F80F4A80324}"
EndProject
Global
	GlobalSection(SolutionConfigurationPlatforms) = preSolution
		Debug|Any CPU = Debug|Any CPU
		Release|Any CPU = Release|Any CPU
	EndGlobalSection
	GlobalSection(ProjectConfigurationPlatforms) = postSolution
		{4EC44DBA-E695-4ED3-A7C1-2AFDAD21710E}.Debug|Any CPU.ActiveCfg = Debug|Any CPU
		{4EC44DBA-E695-4ED3-A7C1-2AFDAD21710E}.Debug|Any CPU.Build.0 = Debug|Any CPU
		{4EC44DBA-E695-4ED3-A7C1-2AFDAD21710E}.Release|Any CPU.ActiveCfg = Release|Any CPU
		{4EC44DBA-E695-4ED3-A7C1-2AFDAD21710E}.Release|Any CPU.Build.0 = Release|Any CPU
		{BA19C24E-B57B-4529-BC5C-8F80F4A80324}.Debug|Any CPU.ActiveCfg = Debug|Any CPU
		{BA19C24E-B57B-4529-BC5C-8F80F4A80324}.Debug|Any CPU.Build.0 = Debug|Any CPU
		{BA19C24E-B57B-4529-BC5C-8F80F4A80324}.Release|Any CPU.ActiveCfg = Release|Any CPU
		{BA19C24E-B57B-4529-BC5C-8F80F4A80324}.Release|Any CPU.Build.0 = Release|Any CPU
	EndGlobalSection
	GlobalSection(SolutionProperties) = preSolution
		HideSolutionNode = FALSE
	EndGlobalSection
	GlobalSection(ExtensibilityGlobals) = postSolution
		SolutionGuid = {2C484E26-CD65-487E-85EE-B0EB91E9CD78}
	EndGlobalSection
EndGlobal
